{
  "lockfileVersion": 1,
  "configVersion": 0,
  "workspaces": {
    "": {
      "name": "hamverbot",
      "dependencies": {
        "@libsql/client": "^0.17.0",
        "cron": "^4.4.0",
        "dotenv": "^17.3.1",
        "irc-framework": "^4.14.0",
        "node-ical": "^0.25.1",
      },
      "devDependencies": {
        "@biomejs/biome": "^2.3.15",
        "@types/bun": "^1.3.9",
        "@typescript/native-preview": "^7.0.0-dev.20260215.1",
        "oxfmt": "^0.32.0",
        "oxlint": "^1.47.0",
        "oxlint-tsgolint": "^0.12.2",
        "typescript": "^5.9.3",
      },
    },
  },
  "packages": {
    "@biomejs/biome": ["@biomejs/biome@2.3.15", "", { "optionalDependencies": { "@biomejs/cli-darwin-arm64": "2.3.15", "@biomejs/cli-darwin-x64": "2.3.15", "@biomejs/cli-linux-arm64": "2.3.15", "@biomejs/cli-linux-arm64-musl": "2.3.15", "@biomejs/cli-linux-x64": "2.3.15", "@biomejs/cli-linux-x64-musl": "2.3.15", "@biomejs/cli-win32-arm64": "2.3.15", "@biomejs/cli-win32-x64": "2.3.15" }, "bin": { "biome": "bin/biome" } }, "sha512-u+jlPBAU2B45LDkjjNNYpc1PvqrM/co4loNommS9/sl9oSxsAQKsNZejYuUztvToB5oXi1tN/e62iNd6ESiY3g=="],

    "@biomejs/cli-darwin-arm64": ["@biomejs/cli-darwin-arm64@2.3.15", "", { "os": "darwin", "cpu": "arm64" }, "sha512-SDCdrJ4COim1r8SNHg19oqT50JfkI/xGZHSyC6mGzMfKrpNe/217Eq6y98XhNTc0vGWDjznSDNXdUc6Kg24jbw=="],

    "@biomejs/cli-darwin-x64": ["@biomejs/cli-darwin-x64@2.3.15", "", { "os": "darwin", "cpu": "x64" }, "sha512-RkyeSosBtn3C3Un8zQnl9upX0Qbq4E3QmBa0qjpOh1MebRbHhNlRC16jk8HdTe/9ym5zlfnpbb8cKXzW+vlTxw=="],

    "@biomejs/cli-linux-arm64": ["@biomejs/cli-linux-arm64@2.3.15", "", { "os": "linux", "cpu": "arm64" }, "sha512-FN83KxrdVWANOn5tDmW6UBC0grojchbGmcEz6JkRs2YY6DY63sTZhwkQ56x6YtKhDVV1Unz7FJexy8o7KwuIhg=="],

    "@biomejs/cli-linux-arm64-musl": ["@biomejs/cli-linux-arm64-musl@2.3.15", "", { "os": "linux", "cpu": "arm64" }, "sha512-SSSIj2yMkFdSkXqASzIBdjySBXOe65RJlhKEDlri7MN19RC4cpez+C0kEwPrhXOTgJbwQR9QH1F4+VnHkC35pg=="],

    "@biomejs/cli-linux-x64": ["@biomejs/cli-linux-x64@2.3.15", "", { "os": "linux", "cpu": "x64" }, "sha512-T8n9p8aiIKOrAD7SwC7opiBM1LYGrE5G3OQRXWgbeo/merBk8m+uxJ1nOXMPzfYyFLfPlKF92QS06KN1UW+Zbg=="],

    "@biomejs/cli-linux-x64-musl": ["@biomejs/cli-linux-x64-musl@2.3.15", "", { "os": "linux", "cpu": "x64" }, "sha512-dbjPzTh+ijmmNwojFYbQNMFp332019ZDioBYAMMJj5Ux9d8MkM+u+J68SBJGVwVeSHMYj+T9504CoxEzQxrdNw=="],

    "@biomejs/cli-win32-arm64": ["@biomejs/cli-win32-arm64@2.3.15", "", { "os": "win32", "cpu": "arm64" }, "sha512-puMuenu/2brQdgqtQ7geNwQlNVxiABKEZJhMRX6AGWcmrMO8EObMXniFQywy2b81qmC+q+SDvlOpspNwz0WiOA=="],

    "@biomejs/cli-win32-x64": ["@biomejs/cli-win32-x64@2.3.15", "", { "os": "win32", "cpu": "x64" }, "sha512-kDZr/hgg+igo5Emi0LcjlgfkoGZtgIpJKhnvKTRmMBv6FF/3SDyEV4khBwqNebZIyMZTzvpca9sQNSXJ39pI2A=="],

    "@js-temporal/polyfill": ["@js-temporal/polyfill@0.5.1", "", { "dependencies": { "jsbi": "^4.3.0" } }, "sha512-hloP58zRVCRSpgDxmqCWJNlizAlUgJFqG2ypq79DCvyv9tHjRYMDOcPFjzfl/A1/YxDvRCZz8wvZvmapQnKwFQ=="],

    "@libsql/client": ["@libsql/client@0.17.0", "", { "dependencies": { "@libsql/core": "^0.17.0", "@libsql/hrana-client": "^0.9.0", "js-base64": "^3.7.5", "libsql": "^0.5.22", "promise-limit": "^2.7.0" } }, "sha512-TLjSU9Otdpq0SpKHl1tD1Nc9MKhrsZbCFGot3EbCxRa8m1E5R1mMwoOjKMMM31IyF7fr+hPNHLpYfwbMKNusmg=="],

    "@libsql/core": ["@libsql/core@0.17.0", "", { "dependencies": { "js-base64": "^3.7.5" } }, "sha512-hnZRnJHiS+nrhHKLGYPoJbc78FE903MSDrFJTbftxo+e52X+E0Y0fHOCVYsKWcg6XgB7BbJYUrz/xEkVTSaipw=="],

    "@libsql/darwin-arm64": ["@libsql/darwin-arm64@0.5.22", "", { "os": "darwin", "cpu": "arm64" }, "sha512-4B8ZlX3nIDPndfct7GNe0nI3Yw6ibocEicWdC4fvQbSs/jdq/RC2oCsoJxJ4NzXkvktX70C1J4FcmmoBy069UA=="],

    "@libsql/darwin-x64": ["@libsql/darwin-x64@0.5.22", "", { "os": "darwin", "cpu": "x64" }, "sha512-ny2HYWt6lFSIdNFzUFIJ04uiW6finXfMNJ7wypkAD8Pqdm6nAByO+Fdqu8t7sD0sqJGeUCiOg480icjyQ2/8VA=="],

    "@libsql/hrana-client": ["@libsql/hrana-client@0.9.0", "", { "dependencies": { "@libsql/isomorphic-ws": "^0.1.5", "cross-fetch": "^4.0.0", "js-base64": "^3.7.5", "node-fetch": "^3.3.2" } }, "sha512-pxQ1986AuWfPX4oXzBvLwBnfgKDE5OMhAdR/5cZmRaB4Ygz5MecQybvwZupnRz341r2CtFmbk/BhSu7k2Lm+Jw=="],

    "@libsql/isomorphic-ws": ["@libsql/isomorphic-ws@0.1.5", "", { "dependencies": { "@types/ws": "^8.5.4", "ws": "^8.13.0" } }, "sha512-DtLWIH29onUYR00i0GlQ3UdcTRC6EP4u9w/h9LxpUZJWRMARk6dQwZ6Jkd+QdwVpuAOrdxt18v0K2uIYR3fwFg=="],

    "@libsql/linux-arm-gnueabihf": ["@libsql/linux-arm-gnueabihf@0.5.22", "", { "os": "linux", "cpu": "arm" }, "sha512-3Uo3SoDPJe/zBnyZKosziRGtszXaEtv57raWrZIahtQDsjxBVjuzYQinCm9LRCJCUT5t2r5Z5nLDPJi2CwZVoA=="],

    "@libsql/linux-arm-musleabihf": ["@libsql/linux-arm-musleabihf@0.5.22", "", { "os": "linux", "cpu": "arm" }, "sha512-LCsXh07jvSojTNJptT9CowOzwITznD+YFGGW+1XxUr7fS+7/ydUrpDfsMX7UqTqjm7xG17eq86VkWJgHJfvpNg=="],

    "@libsql/linux-arm64-gnu": ["@libsql/linux-arm64-gnu@0.5.22", "", { "os": "linux", "cpu": "arm64" }, "sha512-KSdnOMy88c9mpOFKUEzPskSaF3VLflfSUCBwas/pn1/sV3pEhtMF6H8VUCd2rsedwoukeeCSEONqX7LLnQwRMA=="],

    "@libsql/linux-arm64-musl": ["@libsql/linux-arm64-musl@0.5.22", "", { "os": "linux", "cpu": "arm64" }, "sha512-mCHSMAsDTLK5YH//lcV3eFEgiR23Ym0U9oEvgZA0667gqRZg/2px+7LshDvErEKv2XZ8ixzw3p1IrBzLQHGSsw=="],

    "@libsql/linux-x64-gnu": ["@libsql/linux-x64-gnu@0.5.22", "", { "os": "linux", "cpu": "x64" }, "sha512-kNBHaIkSg78Y4BqAdgjcR2mBilZXs4HYkAmi58J+4GRwDQZh5fIUWbnQvB9f95DkWUIGVeenqLRFY2pcTmlsew=="],

    "@libsql/linux-x64-musl": ["@libsql/linux-x64-musl@0.5.22", "", { "os": "linux", "cpu": "x64" }, "sha512-UZ4Xdxm4pu3pQXjvfJiyCzZop/9j/eA2JjmhMaAhe3EVLH2g11Fy4fwyUp9sT1QJYR1kpc2JLuybPM0kuXv/Tg=="],

    "@libsql/win32-x64-msvc": ["@libsql/win32-x64-msvc@0.5.22", "", { "os": "win32", "cpu": "x64" }, "sha512-Fj0j8RnBpo43tVZUVoNK6BV/9AtDUM5S7DF3LB4qTYg1LMSZqi3yeCneUTLJD6XomQJlZzbI4mst89yspVSAnA=="],

    "@neon-rs/load": ["@neon-rs/load@0.0.4", "", {}, "sha512-kTPhdZyTQxB+2wpiRcFWrDcejc4JI6tkPuS7UZCG4l6Zvc5kU/gGQ/ozvHTh1XR5tS+UlfAfGuPajjzQjCiHCw=="],

    "@oxfmt/binding-android-arm-eabi": ["@oxfmt/binding-android-arm-eabi@0.32.0", "", { "os": "android", "cpu": "arm" }, "sha512-DpVyuVzgLH6/MvuB/YD3vXO9CN/o9EdRpA0zXwe/tagP6yfVSFkFWkPqTROdqp0mlzLH5Yl+/m+hOrcM601EbA=="],

    "@oxfmt/binding-android-arm64": ["@oxfmt/binding-android-arm64@0.32.0", "", { "os": "android", "cpu": "arm64" }, "sha512-w1cmNXf9zs0vKLuNgyUF3hZ9VUAS1hBmQGndYJv1OmcVqStBtRTRNxSWkWM0TMkrA9UbvIvM9gfN+ib4Wy6lkQ=="],

    "@oxfmt/binding-darwin-arm64": ["@oxfmt/binding-darwin-arm64@0.32.0", "", { "os": "darwin", "cpu": "arm64" }, "sha512-m6wQojz/hn94XdZugFPtdFbOvXbOSYEqPsR2gyLyID3BvcrC2QsJyT1o3gb4BZEGtZrG1NiKVGwDRLM0dHd2mg=="],

    "@oxfmt/binding-darwin-x64": ["@oxfmt/binding-darwin-x64@0.32.0", "", { "os": "darwin", "cpu": "x64" }, "sha512-hN966Uh6r3Erkg2MvRcrJWaB6QpBzP15rxWK/QtkUyD47eItJLsAQ2Hrm88zMIpFZ3COXZLuN3hqgSlUtvB0Xw=="],

    "@oxfmt/binding-freebsd-x64": ["@oxfmt/binding-freebsd-x64@0.32.0", "", { "os": "freebsd", "cpu": "x64" }, "sha512-g5UZPGt8tJj263OfSiDGdS54HPa0KgFfspLVAUivVSdoOgsk6DkwVS9nO16xQTDztzBPGxTvrby8WuufF0g86Q=="],

    "@oxfmt/binding-linux-arm-gnueabihf": ["@oxfmt/binding-linux-arm-gnueabihf@0.32.0", "", { "os": "linux", "cpu": "arm" }, "sha512-F4ZY83/PVQo9ZJhtzoMqbmjqEyTVEZjbaw4x1RhzdfUhddB41ZB2Vrt4eZi7b4a4TP85gjPRHgQBeO0c1jbtaw=="],

    "@oxfmt/binding-linux-arm-musleabihf": ["@oxfmt/binding-linux-arm-musleabihf@0.32.0", "", { "os": "linux", "cpu": "arm" }, "sha512-olR37eG16Lzdj9OBSvuoT5RxzgM5xfQEHm1OEjB3M7Wm4KWa5TDWIT13Aiy74GvAN77Hq1+kUKcGVJ/0ynf75g=="],

    "@oxfmt/binding-linux-arm64-gnu": ["@oxfmt/binding-linux-arm64-gnu@0.32.0", "", { "os": "linux", "cpu": "arm64" }, "sha512-eZhk6AIjRCDeLoXYBhMW7qq/R1YyVi+tGnGfc3kp7AZQrMsFaWtP/bgdCJCTNXMpbMwymtVz0qhSQvR5w2sKcg=="],

    "@oxfmt/binding-linux-arm64-musl": ["@oxfmt/binding-linux-arm64-musl@0.32.0", "", { "os": "linux", "cpu": "arm64" }, "sha512-UYiqO9MlipntFbdbUKOIo84vuyzrK4TVIs7Etat91WNMFSW54F6OnHq08xa5ZM+K9+cyYMgQPXvYCopuP+LyKw=="],

    "@oxfmt/binding-linux-ppc64-gnu": ["@oxfmt/binding-linux-ppc64-gnu@0.32.0", "", { "os": "linux", "cpu": "ppc64" }, "sha512-IDH/fxMv+HmKsMtsjEbXqhScCKDIYp38sgGEcn0QKeXMxrda67PPZA7HMfoUwEtFUG+jsO1XJxTrQsL+kQ90xQ=="],

    "@oxfmt/binding-linux-riscv64-gnu": ["@oxfmt/binding-linux-riscv64-gnu@0.32.0", "", { "os": "linux", "cpu": "none" }, "sha512-bQFGPDa0buYWJFeK2I7ah8wRZjrAgamaG2OAGv+Ua5UMYEnHxmHcv+r8lWUUrwP2oqQGvp1SB8JIVtBbYuAueQ=="],

    "@oxfmt/binding-linux-riscv64-musl": ["@oxfmt/binding-linux-riscv64-musl@0.32.0", "", { "os": "linux", "cpu": "none" }, "sha512-3vFp9DW1ItEKWltADzCFqG5N7rYFToT4ztlhg8wALoo2E2VhveLD88uAF4FF9AxD9NhgHDGmPCV+WZl/Qlj8cQ=="],

    "@oxfmt/binding-linux-s390x-gnu": ["@oxfmt/binding-linux-s390x-gnu@0.32.0", "", { "os": "linux", "cpu": "s390x" }, "sha512-Fub2y8S9ImuPzAzpbgkoz/EVTWFFBolxFZYCMRhRZc8cJZI2gl/NlZswqhvJd/U0Jopnwgm/OJ2x128vVzFFWA=="],

    "@oxfmt/binding-linux-x64-gnu": ["@oxfmt/binding-linux-x64-gnu@0.32.0", "", { "os": "linux", "cpu": "x64" }, "sha512-XufwsnV3BF81zO2ofZvhT4FFaMmLTzZEZnC9HpFz/quPeg9C948+kbLlZnsfjmp+1dUxKMCpfmRMqOfF4AOLsA=="],

    "@oxfmt/binding-linux-x64-musl": ["@oxfmt/binding-linux-x64-musl@0.32.0", "", { "os": "linux", "cpu": "x64" }, "sha512-u2f9tC2qYfikKmA2uGpnEJgManwmk0ZXWs5BB4ga4KDu2JNLdA3i634DGHeMLK9wY9+iRf3t7IYpgN3OVFrvDw=="],

    "@oxfmt/binding-openharmony-arm64": ["@oxfmt/binding-openharmony-arm64@0.32.0", "", { "os": "none", "cpu": "arm64" }, "sha512-5ZXb1wrdbZ1YFXuNXNUCePLlmLDy4sUt4evvzD4Cgumbup5wJgS9PIe5BOaLywUg9f1wTH6lwltj3oT7dFpIGA=="],

    "@oxfmt/binding-win32-arm64-msvc": ["@oxfmt/binding-win32-arm64-msvc@0.32.0", "", { "os": "win32", "cpu": "arm64" }, "sha512-IGSMm/Agq+IA0++aeAV/AGPfjcBdjrsajB5YpM3j7cMcwoYgUTi/k2YwAmsHH3ueZUE98pSM/Ise2J7HtyRjOA=="],

    "@oxfmt/binding-win32-ia32-msvc": ["@oxfmt/binding-win32-ia32-msvc@0.32.0", "", { "os": "win32", "cpu": "ia32" }, "sha512-H/9gsuqXmceWMsVoCPZhtJG2jLbnBeKr7xAXm2zuKpxLVF7/2n0eh7ocOLB6t+L1ARE76iORuUsRMnuGjj8FjQ=="],

    "@oxfmt/binding-win32-x64-msvc": ["@oxfmt/binding-win32-x64-msvc@0.32.0", "", { "os": "win32", "cpu": "x64" }, "sha512-fF8VIOeligq+mA6KfKvWtFRXbf0EFy73TdR6ZnNejdJRM8VWN1e3QFhYgIwD7O8jBrQsd7EJbUpkAr/YlUOokg=="],

    "@oxlint-tsgolint/darwin-arm64": ["@oxlint-tsgolint/darwin-arm64@0.12.2", "", { "os": "darwin", "cpu": "arm64" }, "sha512-XIfavTqkJPGYi/98z7ZCkZvXq2AccMAAB0iwvKDRTQqiweMXVUyeUdx46phCHHH1PgmIVJtVfysThkHq2xCyrw=="],

    "@oxlint-tsgolint/darwin-x64": ["@oxlint-tsgolint/darwin-x64@0.12.2", "", { "os": "darwin", "cpu": "x64" }, "sha512-tytsvP6zmNShRNDo4GgQartOXmd4GPd+TylCUMdO/iWl9PZVOgRyswWbYVTNgn85Cib/aY2q3Uu+jOw+QlbxvQ=="],

    "@oxlint-tsgolint/linux-arm64": ["@oxlint-tsgolint/linux-arm64@0.12.2", "", { "os": "linux", "cpu": "arm64" }, "sha512-3W38yJuF7taEquhEuD6mYQyCeWNAlc1pNPjFkspkhLKZVgbrhDA4V6fCxLDDRvrTHde0bXPmFvuPlUq5pSePgA=="],

    "@oxlint-tsgolint/linux-x64": ["@oxlint-tsgolint/linux-x64@0.12.2", "", { "os": "linux", "cpu": "x64" }, "sha512-EjcEspeeV0NmaopEp4wcN5ntQP9VCJJDrTvzOjMP4W6ajz18M+pni9vkKvmcPIpRa/UmWobeFgKoVd/KGueeuQ=="],

    "@oxlint-tsgolint/win32-arm64": ["@oxlint-tsgolint/win32-arm64@0.12.2", "", { "os": "win32", "cpu": "arm64" }, "sha512-a9L7iA5K/Ht/i8d9+7RTp6hbPa4cyXP0MdySVXAO6vczpL/4ildfY9Hr2m2wqL12uK6xe/uVABpVTrqay/wV+g=="],

    "@oxlint-tsgolint/win32-x64": ["@oxlint-tsgolint/win32-x64@0.12.2", "", { "os": "win32", "cpu": "x64" }, "sha512-Cvt40UbTf5ib12DjGN+mMGOnjWa4Bc6Y7KEaXXp9qzckvs3HpNk2wSwMV3gnuR8Ipx4hkzkzrgzD0BAUsySAfA=="],

    "@oxlint/binding-android-arm-eabi": ["@oxlint/binding-android-arm-eabi@1.47.0", "", { "os": "android", "cpu": "arm" }, "sha512-UHqo3te9K/fh29brCuQdHjN+kfpIi9cnTPABuD5S9wb9ykXYRGTOOMVuSV/CK43sOhU4wwb2nT1RVjcbrrQjFw=="],

    "@oxlint/binding-android-arm64": ["@oxlint/binding-android-arm64@1.47.0", "", { "os": "android", "cpu": "arm64" }, "sha512-xh02lsTF1TAkR+SZrRMYHR/xCx8Wg2MAHxJNdHVpAKELh9/yE9h4LJeqAOBbIb3YYn8o/D97U9VmkvkfJfrHfw=="],

    "@oxlint/binding-darwin-arm64": ["@oxlint/binding-darwin-arm64@1.47.0", "", { "os": "darwin", "cpu": "arm64" }, "sha512-OSOfNJqabOYbkyQDGT5pdoL+05qgyrmlQrvtCO58M4iKGEQ/xf3XkkKj7ws+hO+k8Y4VF4zGlBsJlwqy7qBcHA=="],

    "@oxlint/binding-darwin-x64": ["@oxlint/binding-darwin-x64@1.47.0", "", { "os": "darwin", "cpu": "x64" }, "sha512-hP2bOI4IWNS+F6pVXWtRshSTuJ1qCRZgDgVUg6EBUqsRy+ExkEPJkx+YmIuxgdCduYK1LKptLNFuQLJP8voPbQ=="],

    "@oxlint/binding-freebsd-x64": ["@oxlint/binding-freebsd-x64@1.47.0", "", { "os": "freebsd", "cpu": "x64" }, "sha512-F55jIEH5xmGu7S661Uho8vGiLFk0bY3A/g4J8CTKiLJnYu/PSMZ2WxFoy5Hji6qvFuujrrM9Q8XXbMO0fKOYPg=="],

    "@oxlint/binding-linux-arm-gnueabihf": ["@oxlint/binding-linux-arm-gnueabihf@1.47.0", "", { "os": "linux", "cpu": "arm" }, "sha512-wxmOn/wns/WKPXUC1fo5mu9pMZPVOu8hsynaVDrgmmXMdHKS7on6bA5cPauFFN9tJXNdsjW26AK9lpfu3IfHBQ=="],

    "@oxlint/binding-linux-arm-musleabihf": ["@oxlint/binding-linux-arm-musleabihf@1.47.0", "", { "os": "linux", "cpu": "arm" }, "sha512-KJTmVIA/GqRlM2K+ZROH30VMdydEU7bDTY35fNg3tOPzQRIs2deLZlY/9JWwdWo1F/9mIYmpbdCmPqtKhWNOPg=="],

    "@oxlint/binding-linux-arm64-gnu": ["@oxlint/binding-linux-arm64-gnu@1.47.0", "", { "os": "linux", "cpu": "arm64" }, "sha512-PF7ELcFg1GVlS0X0ZB6aWiXobjLrAKer3T8YEkwIoO8RwWiAMkL3n3gbleg895BuZkHVlJ2kPRUwfrhHrVkD1A=="],

    "@oxlint/binding-linux-arm64-musl": ["@oxlint/binding-linux-arm64-musl@1.47.0", "", { "os": "linux", "cpu": "arm64" }, "sha512-4BezLRO5cu0asf0Jp1gkrnn2OHiXrPPPEfBTxq1k5/yJ2zdGGTmZxHD2KF2voR23wb8Elyu3iQawXo7wvIZq0Q=="],

    "@oxlint/binding-linux-ppc64-gnu": ["@oxlint/binding-linux-ppc64-gnu@1.47.0", "", { "os": "linux", "cpu": "ppc64" }, "sha512-aI5ds9jq2CPDOvjeapiIj48T/vlWp+f4prkxs+FVzrmVN9BWIj0eqeJ/hV8WgXg79HVMIz9PU6deI2ki09bR1w=="],

    "@oxlint/binding-linux-riscv64-gnu": ["@oxlint/binding-linux-riscv64-gnu@1.47.0", "", { "os": "linux", "cpu": "none" }, "sha512-mO7ycp9Elvgt5EdGkQHCwJA6878xvo9tk+vlMfT1qg++UjvOMB8INsOCQIOH2IKErF/8/P21LULkdIrocMw9xA=="],

    "@oxlint/binding-linux-riscv64-musl": ["@oxlint/binding-linux-riscv64-musl@1.47.0", "", { "os": "linux", "cpu": "none" }, "sha512-24D0wsYT/7hDFn3Ow32m3/+QT/1ZwrUhShx4/wRDAmz11GQHOZ1k+/HBuK/MflebdnalmXWITcPEy4BWTi7TCA=="],

    "@oxlint/binding-linux-s390x-gnu": ["@oxlint/binding-linux-s390x-gnu@1.47.0", "", { "os": "linux", "cpu": "s390x" }, "sha512-8tPzPne882mtML/uy3mApvdCyuVOpthJ7xUv3b67gVfz63hOOM/bwO0cysSkPyYYFDFRn6/FnUb7Jhmsesntvg=="],

    "@oxlint/binding-linux-x64-gnu": ["@oxlint/binding-linux-x64-gnu@1.47.0", "", { "os": "linux", "cpu": "x64" }, "sha512-q58pIyGIzeffEBhEgbRxLFHmHfV9m7g1RnkLiahQuEvyjKNiJcvdHOwKH2BdgZxdzc99Cs6hF5xTa86X40WzPw=="],

    "@oxlint/binding-linux-x64-musl": ["@oxlint/binding-linux-x64-musl@1.47.0", "", { "os": "linux", "cpu": "x64" }, "sha512-e7DiLZtETZUCwTa4EEHg9G+7g3pY+afCWXvSeMG7m0TQ29UHHxMARPaEQUE4mfKgSqIWnJaUk2iZzRPMRdga5g=="],

    "@oxlint/binding-openharmony-arm64": ["@oxlint/binding-openharmony-arm64@1.47.0", "", { "os": "none", "cpu": "arm64" }, "sha512-3AFPfQ0WKMleT/bKd7zsks3xoawtZA6E/wKf0DjwysH7wUiMMJkNKXOzYq1R/00G98JFgSU1AkrlOQrSdNNhlg=="],

    "@oxlint/binding-win32-arm64-msvc": ["@oxlint/binding-win32-arm64-msvc@1.47.0", "", { "os": "win32", "cpu": "arm64" }, "sha512-cLMVVM6TBxp+N7FldQJ2GQnkcLYEPGgiuEaXdvhgvSgODBk9ov3jed+khIXSAWtnFOW0wOnG3RjwqPh0rCuheA=="],

    "@oxlint/binding-win32-ia32-msvc": ["@oxlint/binding-win32-ia32-msvc@1.47.0", "", { "os": "win32", "cpu": "ia32" }, "sha512-VpFOSzvTnld77/Edje3ZdHgZWnlTb5nVWXyTgjD3/DKF/6t5bRRbwn3z77zOdnGy44xAMvbyAwDNOSeOdVUmRA=="],

    "@oxlint/binding-win32-x64-msvc": ["@oxlint/binding-win32-x64-msvc@1.47.0", "", { "os": "win32", "cpu": "x64" }, "sha512-+q8IWptxXx2HMTM6JluR67284t0h8X/oHJgqpxH1siowxPMqZeIpAcWCUq+tY+Rv2iQK8TUugjZnSBQAVV5CmA=="],

    "@types/bun": ["@types/bun@1.3.9", "", { "dependencies": { "bun-types": "1.3.9" } }, "sha512-KQ571yULOdWJiMH+RIWIOZ7B2RXQGpL1YQrBtLIV3FqDcCu6FsbFUBwhdKUlCKUpS3PJDsHlJ1QKlpxoVR+xtw=="],

    "@types/luxon": ["@types/luxon@3.7.1", "", {}, "sha512-H3iskjFIAn5SlJU7OuxUmTEpebK6TKB8rxZShDslBMZJ5u9S//KM1sbdAisiSrqwLQncVjnpi2OK2J51h+4lsg=="],

    "@types/node": ["@types/node@22.13.8", "", { "dependencies": { "undici-types": "~6.20.0" } }, "sha512-G3EfaZS+iOGYWLLRCEAXdWK9my08oHNZ+FHluRiggIYJPOXzhOiDgpVCUHaUvyIC5/fj7C/p637jdzC666AOKQ=="],

    "@types/ws": ["@types/ws@8.5.14", "", { "dependencies": { "@types/node": "*" } }, "sha512-bd/YFLW+URhBzMXurx7lWByOu+xzU9+kb3RboOteXYDfW+tr+JZa99OyNmPINEGB/ahzKrEuc8rcv4gnpJmxTw=="],

    "@typescript/native-preview": ["@typescript/native-preview@7.0.0-dev.20260215.1", "", { "optionalDependencies": { "@typescript/native-preview-darwin-arm64": "7.0.0-dev.20260215.1", "@typescript/native-preview-darwin-x64": "7.0.0-dev.20260215.1", "@typescript/native-preview-linux-arm": "7.0.0-dev.20260215.1", "@typescript/native-preview-linux-arm64": "7.0.0-dev.20260215.1", "@typescript/native-preview-linux-x64": "7.0.0-dev.20260215.1", "@typescript/native-preview-win32-arm64": "7.0.0-dev.20260215.1", "@typescript/native-preview-win32-x64": "7.0.0-dev.20260215.1" }, "bin": { "tsgo": "bin/tsgo.js" } }, "sha512-grs0BbJyPR7VLNerBVteEToPku1InMKVKVKBUTJi19LfK+LU3+pkU6/fsTfZhH3xmIzIxD/sNRQHLt4x/Yb9yg=="],

    "@typescript/native-preview-darwin-arm64": ["@typescript/native-preview-darwin-arm64@7.0.0-dev.20260215.1", "", { "os": "darwin", "cpu": "arm64" }, "sha512-icVO/hEMXjWlKhmpjIpqDyCzPvtHqfrPB+2rkd6M3rz84Bmw+o8Xgd7JvRxryZhR+D0y55me/bKh9xgvsgzuhA=="],

    "@typescript/native-preview-darwin-x64": ["@typescript/native-preview-darwin-x64@7.0.0-dev.20260215.1", "", { "os": "darwin", "cpu": "x64" }, "sha512-Wz73wf1o9+4KwCLg8wnnIZZDAvv2KRZlDyP4X8GfBNzajfIAwYvI0ANWuIDznUUGeDAcqhBJXNe0Bkf4H9y4mg=="],

    "@typescript/native-preview-linux-arm": ["@typescript/native-preview-linux-arm@7.0.0-dev.20260215.1", "", { "os": "linux", "cpu": "arm" }, "sha512-6WVXFVSp3LBBiBgBMtAHQgTDN72mDhgjrmXH7GoABTxR9asK8oPfmy5cwTp1sPD46pYhqjnSHMrARyg2FaNSeA=="],

    "@typescript/native-preview-linux-arm64": ["@typescript/native-preview-linux-arm64@7.0.0-dev.20260215.1", "", { "os": "linux", "cpu": "arm64" }, "sha512-AYyXRxVwLZzfkEYN8FGdV4vqXwbTmv93nAZ6gMLvpDG4ItOybAE1R2obFjlFc+Or/rfQmVvfdkTym3c4bRJ3XQ=="],

    "@typescript/native-preview-linux-x64": ["@typescript/native-preview-linux-x64@7.0.0-dev.20260215.1", "", { "os": "linux", "cpu": "x64" }, "sha512-Ui6qbTO+nE7fwh5OGTGfL4ndaT+SpiUiv0F1m3+nMaiAKysY5GbgXUfzWzkSrOODsT8F/4jZ4wCzEzJordt8sQ=="],

    "@typescript/native-preview-win32-arm64": ["@typescript/native-preview-win32-arm64@7.0.0-dev.20260215.1", "", { "os": "win32", "cpu": "arm64" }, "sha512-dBFyAH9h3bMUaIp/84c3gKwyQ6jQmtzVoIBamSrYNw0xinJ56A/Ln5igdNOYrH8+/Aofmeh7pAWaa8U456XMjw=="],

    "@typescript/native-preview-win32-x64": ["@typescript/native-preview-win32-x64@7.0.0-dev.20260215.1", "", { "os": "win32", "cpu": "x64" }, "sha512-bEMSwX71OGGvfsfHEa/aX7ZUWbPSI2oKEmeWcDQVY8vH1VK1ZwcFzMhKfgVJPt5pKH2bK3EO3xYnAyKkDO/Ung=="],

    "available-typed-arrays": ["available-typed-arrays@1.0.7", "", { "dependencies": { "possible-typed-array-names": "^1.0.0" } }, "sha512-wvUjBtSGN7+7SjNpq/9M2Tg350UZD3q62IFZLbRAR1bSMlCo1ZaeW+BJ+D090e4hIIZLBcTDWe4Mh4jvUDajzQ=="],

    "base64-js": ["base64-js@1.5.1", "", {}, "sha512-AKpaYlHn8t4SVbOHCy+b5+KKgvR4vrsD8vbvrbiQJps7fKDTkjkDry6ji0rUJjC0kzbNePLwzxq8iypo41qeWA=="],

    "buffer": ["buffer@6.0.3", "", { "dependencies": { "base64-js": "^1.3.1", "ieee754": "^1.2.1" } }, "sha512-FTiCpNxtwiZZHEZbcbTIcZjERVICn9yq/pDFkTl95/AxzD1naBctN7YO68riM/gLSDY7sdrMby8hofADYuuqOA=="],

    "bun-types": ["bun-types@1.3.9", "", { "dependencies": { "@types/node": "*" } }, "sha512-+UBWWOakIP4Tswh0Bt0QD0alpTY8cb5hvgiYeWCMet9YukHbzuruIEeXC2D7nMJPB12kbh8C7XJykSexEqGKJg=="],

    "call-bind": ["call-bind@1.0.8", "", { "dependencies": { "call-bind-apply-helpers": "^1.0.0", "es-define-property": "^1.0.0", "get-intrinsic": "^1.2.4", "set-function-length": "^1.2.2" } }, "sha512-oKlSFMcMwpUg2ednkhQ454wfWiU/ul3CkJe/PEHcTKuiX6RpbehUiFMXu13HalGZxfUwCQzZG747YXBn1im9ww=="],

    "call-bind-apply-helpers": ["call-bind-apply-helpers@1.0.2", "", { "dependencies": { "es-errors": "^1.3.0", "function-bind": "^1.1.2" } }, "sha512-Sp1ablJ0ivDkSzjcaJdxEunN5/XvksFJ2sMBFfq6x0ryhQV/2b/KwFe21cMpmHtPOSij8K99/wSfoEuTObmuMQ=="],

    "call-bound": ["call-bound@1.0.3", "", { "dependencies": { "call-bind-apply-helpers": "^1.0.1", "get-intrinsic": "^1.2.6" } }, "sha512-YTd+6wGlNlPxSuri7Y6X8tY2dmm12UMH66RpKMhiX6rsk5wXXnYgbUcOt8kiS31/AjfoTOvCsE+w8nZQLQnzHA=="],

    "core-js": ["core-js@3.41.0", "", {}, "sha512-SJ4/EHwS36QMJd6h/Rg+GyR4A5xE0FSI3eZ+iBVpfqf1x0eTSg1smWLHrA+2jQThZSh97fmSgFSU8B61nxosxA=="],

    "cron": ["cron@4.4.0", "", { "dependencies": { "@types/luxon": "~3.7.0", "luxon": "~3.7.0" } }, "sha512-fkdfq+b+AHI4cKdhZlppHveI/mgz2qpiYxcm+t5E5TsxX7QrLS1VE0+7GENEk9z0EeGPcpSciGv6ez24duWhwQ=="],

    "cross-fetch": ["cross-fetch@4.1.0", "", { "dependencies": { "node-fetch": "^2.7.0" } }, "sha512-uKm5PU+MHTootlWEY+mZ4vvXoCn4fLQxT9dSc1sXVMSFkINTJVN8cAQROpwcKm8bJ/c7rgZVIBWzH5T78sNZZw=="],

    "data-uri-to-buffer": ["data-uri-to-buffer@4.0.1", "", {}, "sha512-0R9ikRb668HB7QDxT1vkpuUBtqc53YyAwMwGeUFKRojY/NWKvdZ+9UYtRfGmhqNbRkTSVpMbmyhXipFFv2cb/A=="],

    "define-data-property": ["define-data-property@1.1.4", "", { "dependencies": { "es-define-property": "^1.0.0", "es-errors": "^1.3.0", "gopd": "^1.0.1" } }, "sha512-rBMvIzlpA8v6E+SJZoo++HAYqsLrkg7MSfIinMPFhmkorw7X+dOXVJQs+QT69zGkzMyfDnIMN2Wid1+NbL3T+A=="],

    "detect-libc": ["detect-libc@2.0.2", "", {}, "sha512-UX6sGumvvqSaXgdKGUsgZWqcUyIXZ/vZTrlRT/iobiKhGL0zL4d3osHj3uqllWJK+i+sixDS/3COVEOFbupFyw=="],

    "dotenv": ["dotenv@17.3.1", "", {}, "sha512-IO8C/dzEb6O3F9/twg6ZLXz164a2fhTnEWb95H23Dm4OuN+92NmEAlTrupP9VW6Jm3sO26tQlqyvyi4CsnY9GA=="],

    "dunder-proto": ["dunder-proto@1.0.1", "", { "dependencies": { "call-bind-apply-helpers": "^1.0.1", "es-errors": "^1.3.0", "gopd": "^1.2.0" } }, "sha512-KIN/nDJBQRcXw0MLVhZE9iQHmG68qAVIBg9CqmUYjmQIhgij9U5MFvrqkUL5FbtyyzZuOeOt0zdeRe4UY7ct+A=="],

    "es-define-property": ["es-define-property@1.0.1", "", {}, "sha512-e3nRfgfUZ4rNGL232gUgX06QNyyez04KdjFrF+LTRoOXmrOgFKDg4BCdsjW8EnT69eqdYGmRpJwiPVYNrCaW3g=="],

    "es-errors": ["es-errors@1.3.0", "", {}, "sha512-Zf5H2Kxt2xjTvbJvP2ZWLEICxA6j+hAmMzIlypy4xcBg1vKVnx89Wy0GbS+kf5cwCVFFzdCFh2XSCFNULS6csw=="],

    "es-object-atoms": ["es-object-atoms@1.1.1", "", { "dependencies": { "es-errors": "^1.3.0" } }, "sha512-FGgH2h8zKNim9ljj7dankFPcICIK9Cp5bm+c2gQSYePhpaG5+esrLODihIorn+Pe6FGJzWhXQotPv73jTaldXA=="],

    "eventemitter3": ["eventemitter3@5.0.1", "", {}, "sha512-GWkBvjiSZK87ELrYOSESUYeVIc9mvLLf/nXalMOS5dYrgZq9o5OVkbZAVM06CVxYsCwH9BDZFPlQTlPA1j4ahA=="],

    "fast-text-encoding": ["fast-text-encoding@1.0.6", "", {}, "sha512-VhXlQgj9ioXCqGstD37E/HBeqEGV/qOD/kmbVG8h5xKBYvM1L3lR1Zn4555cQ8GkYbJa8aJSipLPndE1k6zK2w=="],

    "fetch-blob": ["fetch-blob@3.2.0", "", { "dependencies": { "node-domexception": "^1.0.0", "web-streams-polyfill": "^3.0.3" } }, "sha512-7yAQpD2UMJzLi1Dqv7qFYnPbaPx7ZfFK6PiIxQ4PfkGPyNyl2Ugx+a/umUonmKqjhM4DnfbMvdX6otXq83soQQ=="],

    "for-each": ["for-each@0.3.5", "", { "dependencies": { "is-callable": "^1.2.7" } }, "sha512-dKx12eRCVIzqCxFGplyFKJMPvLEWgmNtUrpTiJIR5u97zEhRG8ySrtboPHZXx7daLxQVrl643cTzbab2tkQjxg=="],

    "formdata-polyfill": ["formdata-polyfill@4.0.10", "", { "dependencies": { "fetch-blob": "^3.1.2" } }, "sha512-buewHzMvYL29jdeQTVILecSaZKnt/RJWjoZCF5OW60Z67/GmSLBkOFM7qh1PI3zFNtJbaZL5eQu1vLfazOwj4g=="],

    "function-bind": ["function-bind@1.1.2", "", {}, "sha512-7XHNxH7qX9xG5mIwxkhumTox/MIRNcOgDrxWsMt2pAr23WHp6MrRlN7FBSFpCpr+oVO0F744iUgR82nJMfG2SA=="],

    "get-intrinsic": ["get-intrinsic@1.3.0", "", { "dependencies": { "call-bind-apply-helpers": "^1.0.2", "es-define-property": "^1.0.1", "es-errors": "^1.3.0", "es-object-atoms": "^1.1.1", "function-bind": "^1.1.2", "get-proto": "^1.0.1", "gopd": "^1.2.0", "has-symbols": "^1.1.0", "hasown": "^2.0.2", "math-intrinsics": "^1.1.0" } }, "sha512-9fSjSaos/fRIVIp+xSJlE6lfwhES7LNtKaCBIamHsjr2na1BiABJPo0mOjjz8GJDURarmCPGqaiVg5mfjb98CQ=="],

    "get-proto": ["get-proto@1.0.1", "", { "dependencies": { "dunder-proto": "^1.0.1", "es-object-atoms": "^1.0.0" } }, "sha512-sTSfBjoXBp89JvIKIefqw7U2CCebsc74kiY6awiGogKtoSGbgjYE/G/+l9sF3MWFPNc9IcoOC4ODfKHfxFmp0g=="],

    "gopd": ["gopd@1.2.0", "", {}, "sha512-ZUKRh6/kUFoAiTAtTYPZJ3hw9wNxx+BIBOijnlG9PnrJsCcSjs1wyyD6vJpaYtgnzDrKYRSqf3OO6Rfa93xsRg=="],

    "grapheme-splitter": ["grapheme-splitter@1.0.4", "", {}, "sha512-bzh50DW9kTPM00T8y4o8vQg89Di9oLJVLW/KaOGIXJWP/iqCN6WKYkbNOF04vFLJhwcpYUh9ydh/+5vpOqV4YQ=="],

    "has-property-descriptors": ["has-property-descriptors@1.0.2", "", { "dependencies": { "es-define-property": "^1.0.0" } }, "sha512-55JNKuIW+vq4Ke1BjOTjM2YctQIvCT7GFzHwmfZPGo5wnrgkid0YQtnAleFSqumZm4az3n2BS+erby5ipJdgrg=="],

    "has-symbols": ["has-symbols@1.1.0", "", {}, "sha512-1cDNdwJ2Jaohmb3sg4OmKaMBwuC48sYni5HUw2DvsC8LjGTLK9h+eb1X6RyuOHe4hT0ULCW68iomhjUoKUqlPQ=="],

    "has-tostringtag": ["has-tostringtag@1.0.2", "", { "dependencies": { "has-symbols": "^1.0.3" } }, "sha512-NqADB8VjPFLM2V0VvHUewwwsw0ZWBaIdgo+ieHtK3hasLz4qeCRjYcqfB6AQrBggRKppKF8L52/VqdVsO47Dlw=="],

    "hasown": ["hasown@2.0.2", "", { "dependencies": { "function-bind": "^1.1.2" } }, "sha512-0hJU9SCPvmMzIBdZFqNPXWa6dqh7WdH0cII9y+CyS8rG3nL48Bclra9HmKhVVUHyPWNH5Y7xDwAB7bfgSjkUMQ=="],

    "iconv-lite": ["iconv-lite@0.6.3", "", { "dependencies": { "safer-buffer": ">= 2.1.2 < 3.0.0" } }, "sha512-4fCk79wshMdzMp2rH06qWrJE4iolqLhCUH+OiuIgU++RB0+94NlDL81atO7GX55uUKueo0txHNtvEyI6D7WdMw=="],

    "ieee754": ["ieee754@1.2.1", "", {}, "sha512-dcyqhDvX1C46lXZcVqCpK+FtMRQVdIMN6/Df5js2zouUsqG7I6sFxitIC+7KYK29KdXOLHdu9zL4sFnoVQnqaA=="],

    "inherits": ["inherits@2.0.4", "", {}, "sha512-k/vGaX4/Yla3WzyMCvTQOXYeIHvqOKtnqBduzTHpzpQZzAskKMhZ2K+EnBiSM9zGSoIFeMpXKxa4dYeZIQqewQ=="],

    "ip-address": ["ip-address@9.0.5", "", { "dependencies": { "jsbn": "1.1.0", "sprintf-js": "^1.1.3" } }, "sha512-zHtQzGojZXTwZTHQqra+ETKd4Sn3vgi7uBmlPoXVWZqYvuKmtI0l/VZTjqGmJY9x88GGOaZ9+G9ES8hC4T4X8g=="],

    "irc-framework": ["irc-framework@4.14.0", "", { "dependencies": { "buffer": "^6.0.3", "core-js": "^3.38.1", "eventemitter3": "^5.0.1", "grapheme-splitter": "^1.0.4", "iconv-lite": "^0.6.3", "isomorphic-textencoder": "^1.0.1", "lodash": "^4.17.21", "middleware-handler": "^0.2.0", "regenerator-runtime": "^0.14.1", "socks": "^2.8.3", "stream-browserify": "^3.0.0", "util": "^0.12.5" } }, "sha512-lNujDAxy9kcu89WbU5H7IDWly64aD1B9nN9AV5M6btfx88qyQuyH16j1tjS40nmkQH6ld6vvaihKRn9cjk1JrA=="],

    "is-arguments": ["is-arguments@1.2.0", "", { "dependencies": { "call-bound": "^1.0.2", "has-tostringtag": "^1.0.2" } }, "sha512-7bVbi0huj/wrIAOzb8U1aszg9kdi3KN/CyU19CTI7tAoZYEZoL9yCDXpbXN+uPsuWnP02cyug1gleqq+TU+YCA=="],

    "is-callable": ["is-callable@1.2.7", "", {}, "sha512-1BC0BVFhS/p0qtw6enp8e+8OD0UrK0oFLztSjNzhcKA3WDuJxxAPXzPuPtKkjEY9UUoEWlX/8fgKeu2S8i9JTA=="],

    "is-generator-function": ["is-generator-function@1.1.0", "", { "dependencies": { "call-bound": "^1.0.3", "get-proto": "^1.0.0", "has-tostringtag": "^1.0.2", "safe-regex-test": "^1.1.0" } }, "sha512-nPUB5km40q9e8UfN/Zc24eLlzdSf9OfKByBw9CIdw4H1giPMeA0OIJvbchsCu4npfI2QcMVBsGEBHKZ7wLTWmQ=="],

    "is-regex": ["is-regex@1.2.1", "", { "dependencies": { "call-bound": "^1.0.2", "gopd": "^1.2.0", "has-tostringtag": "^1.0.2", "hasown": "^2.0.2" } }, "sha512-MjYsKHO5O7mCsmRGxWcLWheFqN9DJ/2TmngvjKXihe6efViPqc274+Fx/4fYj/r03+ESvBdTXK0V6tA3rgez1g=="],

    "is-typed-array": ["is-typed-array@1.1.15", "", { "dependencies": { "which-typed-array": "^1.1.16" } }, "sha512-p3EcsicXjit7SaskXHs1hA91QxgTw46Fv6EFKKGS5DRFLD8yKnohjF3hxoju94b/OcMZoQukzpPpBE9uLVKzgQ=="],

    "isomorphic-textencoder": ["isomorphic-textencoder@1.0.1", "", { "dependencies": { "fast-text-encoding": "^1.0.0" } }, "sha512-676hESgHullDdHDsj469hr+7t3i/neBKU9J7q1T4RHaWwLAsaQnywC0D1dIUId0YZ+JtVrShzuBk1soo0+GVcQ=="],

    "js-base64": ["js-base64@3.7.7", "", {}, "sha512-7rCnleh0z2CkXhH67J8K1Ytz0b2Y+yxTPL+/KOJoa20hfnVQ/3/T6W/KflYI4bRHRagNeXeU2bkNGI3v1oS/lw=="],

    "jsbi": ["jsbi@4.3.2", "", {}, "sha512-9fqMSQbhJykSeii05nxKl4m6Eqn2P6rOlYiS+C5Dr/HPIU/7yZxu5qzbs40tgaFORiw2Amd0mirjxatXYMkIew=="],

    "jsbn": ["jsbn@1.1.0", "", {}, "sha512-4bYVV3aAMtDTTu4+xsDYa6sy9GyJ69/amsu9sYF2zqjiEoZA5xJi3BrfX3uY+/IekIu7MwdObdbDWpoZdBv3/A=="],

    "libsql": ["libsql@0.5.22", "", { "dependencies": { "@neon-rs/load": "^0.0.4", "detect-libc": "2.0.2" }, "optionalDependencies": { "@libsql/darwin-arm64": "0.5.22", "@libsql/darwin-x64": "0.5.22", "@libsql/linux-arm-gnueabihf": "0.5.22", "@libsql/linux-arm-musleabihf": "0.5.22", "@libsql/linux-arm64-gnu": "0.5.22", "@libsql/linux-arm64-musl": "0.5.22", "@libsql/linux-x64-gnu": "0.5.22", "@libsql/linux-x64-musl": "0.5.22", "@libsql/win32-x64-msvc": "0.5.22" }, "os": [ "linux", "win32", "darwin", ], "cpu": [ "arm", "x64", "arm64", ] }, "sha512-NscWthMQt7fpU8lqd7LXMvT9pi+KhhmTHAJWUB/Lj6MWa0MKFv0F2V4C6WKKpjCVZl0VwcDz4nOI3CyaT1DDiA=="],

    "lodash": ["lodash@4.17.21", "", {}, "sha512-v2kDEe57lecTulaDIuNTPy3Ry4gLGJ6Z1O3vE1krgXZNrsQ+LFTGHVxVjcXPs17LhbZVGedAJv8XZ1tvj5FvSg=="],

    "luxon": ["luxon@3.7.2", "", {}, "sha512-vtEhXh/gNjI9Yg1u4jX/0YVPMvxzHuGgCm6tC5kZyb08yjGWGnqAjGJvcXbqQR2P3MyMEFnRbpcdFS6PBcLqew=="],

    "math-intrinsics": ["math-intrinsics@1.1.0", "", {}, "sha512-/IXtbwEk5HTPyEwyKX6hGkYXxM9nbj64B+ilVJnC/R6B0pH5G4V3b0pVbL7DBj4tkhBAppbQUlf6F6Xl9LHu1g=="],

    "middleware-handler": ["middleware-handler@0.2.0", "", {}, "sha512-Qz4B0yWndSokapr3Kl7fpMRysS0DaBlOuATrExFuZbr+oXZ3rsAPufdLe8mUJXiG5A4aJGW6GfKS4PDfQwu7Mg=="],

    "node-domexception": ["node-domexception@1.0.0", "", {}, "sha512-/jKZoMpw0F8GRwl4/eLROPA3cfcXtLApP0QzLmUT/HuPCZWyB7IY9ZrMeKw2O/nFIqPQB3PVM9aYm0F312AXDQ=="],

    "node-fetch": ["node-fetch@3.3.2", "", { "dependencies": { "data-uri-to-buffer": "^4.0.0", "fetch-blob": "^3.1.4", "formdata-polyfill": "^4.0.10" } }, "sha512-dRB78srN/l6gqWulah9SrxeYnxeddIG30+GOqK/9OlLVyLg3HPnr6SqOWTWOXKRwC2eGYCkZ59NNuSgvSrpgOA=="],

    "node-ical": ["node-ical@0.25.1", "", { "dependencies": { "rrule-temporal": "^1.4.5" } }, "sha512-YD8j+av9f1tlrWBkGjHi8Okv5yKyQPCRLV1IGDW5DgNHXhmoALLeKNdex9govQEJP/HipQDc5YQs2hu81XE/wA=="],

    "oxfmt": ["oxfmt@0.32.0", "", { "dependencies": { "tinypool": "2.1.0" }, "optionalDependencies": { "@oxfmt/binding-android-arm-eabi": "0.32.0", "@oxfmt/binding-android-arm64": "0.32.0", "@oxfmt/binding-darwin-arm64": "0.32.0", "@oxfmt/binding-darwin-x64": "0.32.0", "@oxfmt/binding-freebsd-x64": "0.32.0", "@oxfmt/binding-linux-arm-gnueabihf": "0.32.0", "@oxfmt/binding-linux-arm-musleabihf": "0.32.0", "@oxfmt/binding-linux-arm64-gnu": "0.32.0", "@oxfmt/binding-linux-arm64-musl": "0.32.0", "@oxfmt/binding-linux-ppc64-gnu": "0.32.0", "@oxfmt/binding-linux-riscv64-gnu": "0.32.0", "@oxfmt/binding-linux-riscv64-musl": "0.32.0", "@oxfmt/binding-linux-s390x-gnu": "0.32.0", "@oxfmt/binding-linux-x64-gnu": "0.32.0", "@oxfmt/binding-linux-x64-musl": "0.32.0", "@oxfmt/binding-openharmony-arm64": "0.32.0", "@oxfmt/binding-win32-arm64-msvc": "0.32.0", "@oxfmt/binding-win32-ia32-msvc": "0.32.0", "@oxfmt/binding-win32-x64-msvc": "0.32.0" }, "bin": { "oxfmt": "bin/oxfmt" } }, "sha512-KArQhGzt/Y8M1eSAX98Y8DLtGYYDQhkR55THUPY5VNcpFQ+9nRZkL3ULXhagHMD2hIvjy8JSeEQEP5/yYJSrLA=="],

    "oxlint": ["oxlint@1.47.0", "", { "optionalDependencies": { "@oxlint/binding-android-arm-eabi": "1.47.0", "@oxlint/binding-android-arm64": "1.47.0", "@oxlint/binding-darwin-arm64": "1.47.0", "@oxlint/binding-darwin-x64": "1.47.0", "@oxlint/binding-freebsd-x64": "1.47.0", "@oxlint/binding-linux-arm-gnueabihf": "1.47.0", "@oxlint/binding-linux-arm-musleabihf": "1.47.0", "@oxlint/binding-linux-arm64-gnu": "1.47.0", "@oxlint/binding-linux-arm64-musl": "1.47.0", "@oxlint/binding-linux-ppc64-gnu": "1.47.0", "@oxlint/binding-linux-riscv64-gnu": "1.47.0", "@oxlint/binding-linux-riscv64-musl": "1.47.0", "@oxlint/binding-linux-s390x-gnu": "1.47.0", "@oxlint/binding-linux-x64-gnu": "1.47.0", "@oxlint/binding-linux-x64-musl": "1.47.0", "@oxlint/binding-openharmony-arm64": "1.47.0", "@oxlint/binding-win32-arm64-msvc": "1.47.0", "@oxlint/binding-win32-ia32-msvc": "1.47.0", "@oxlint/binding-win32-x64-msvc": "1.47.0" }, "peerDependencies": { "oxlint-tsgolint": ">=0.11.2" }, "optionalPeers": ["oxlint-tsgolint"], "bin": { "oxlint": "bin/oxlint" } }, "sha512-v7xkK1iv1qdvTxJGclM97QzN8hHs5816AneFAQ0NGji1BMUquhiDAhXpMwp8+ls16uRVJtzVHxP9pAAXblDeGA=="],

    "oxlint-tsgolint": ["oxlint-tsgolint@0.12.2", "", { "optionalDependencies": { "@oxlint-tsgolint/darwin-arm64": "0.12.2", "@oxlint-tsgolint/darwin-x64": "0.12.2", "@oxlint-tsgolint/linux-arm64": "0.12.2", "@oxlint-tsgolint/linux-x64": "0.12.2", "@oxlint-tsgolint/win32-arm64": "0.12.2", "@oxlint-tsgolint/win32-x64": "0.12.2" }, "bin": { "tsgolint": "bin/tsgolint.js" } }, "sha512-IFiOhYZfSgiHbBznTZOhFpEHpsZFSP0j7fVRake03HEkgH0YljnTFDNoRkGWsTrnrHr7nRIomSsF4TnCI/O+kQ=="],

    "possible-typed-array-names": ["possible-typed-array-names@1.1.0", "", {}, "sha512-/+5VFTchJDoVj3bhoqi6UeymcD00DAwb1nJwamzPvHEszJ4FpF6SNNbUbOS8yI56qHzdV8eK0qEfOSiodkTdxg=="],

    "promise-limit": ["promise-limit@2.7.0", "", {}, "sha512-7nJ6v5lnJsXwGprnGXga4wx6d1POjvi5Qmf1ivTRxTjH4Z/9Czja/UCMLVmB9N93GeWOU93XaFaEt6jbuoagNw=="],

    "readable-stream": ["readable-stream@3.6.2", "", { "dependencies": { "inherits": "^2.0.3", "string_decoder": "^1.1.1", "util-deprecate": "^1.0.1" } }, "sha512-9u/sniCrY3D5WdsERHzHE4G2YCXqoG5FTHUiCC4SIbr6XcLZBY05ya9EKjYek9O5xOAwjGq+1JdGBAS7Q9ScoA=="],

    "regenerator-runtime": ["regenerator-runtime@0.14.1", "", {}, "sha512-dYnhHh0nJoMfnkZs6GmmhFknAGRrLznOu5nc9ML+EJxGvrx6H7teuevqVqCuPcPK//3eDrrjQhehXVx9cnkGdw=="],

    "rrule-temporal": ["rrule-temporal@1.4.6", "", { "dependencies": { "@js-temporal/polyfill": "^0.5.1" } }, "sha512-eRruK01K8uu0VWgn+lvKYXGZCER7eI2EaoAhsh5wwHaYMc4jPJ1cvY+bD0hBbYwCucggMpjtuwH2RpEH9oLfWg=="],

    "safe-buffer": ["safe-buffer@5.2.1", "", {}, "sha512-rp3So07KcdmmKbGvgaNxQSJr7bGVSVk5S9Eq1F+ppbRo70+YeaDxkw5Dd8NPN+GD6bjnYm2VuPuCXmpuYvmCXQ=="],

    "safe-regex-test": ["safe-regex-test@1.1.0", "", { "dependencies": { "call-bound": "^1.0.2", "es-errors": "^1.3.0", "is-regex": "^1.2.1" } }, "sha512-x/+Cz4YrimQxQccJf5mKEbIa1NzeCRNI5Ecl/ekmlYaampdNLPalVyIcCZNNH3MvmqBugV5TMYZXv0ljslUlaw=="],

    "safer-buffer": ["safer-buffer@2.1.2", "", {}, "sha512-YZo3K82SD7Riyi0E1EQPojLz7kpepnSQI9IyPbHHg1XXXevb5dJI7tpyN2ADxGcQbHG7vcyRHk0cbwqcQriUtg=="],

    "set-function-length": ["set-function-length@1.2.2", "", { "dependencies": { "define-data-property": "^1.1.4", "es-errors": "^1.3.0", "function-bind": "^1.1.2", "get-intrinsic": "^1.2.4", "gopd": "^1.0.1", "has-property-descriptors": "^1.0.2" } }, "sha512-pgRc4hJ4/sNjWCSS9AmnS40x3bNMDTknHgL5UaMBTMyJnU90EgWh1Rz+MC9eFu4BuN/UwZjKQuY/1v3rM7HMfg=="],

    "smart-buffer": ["smart-buffer@4.2.0", "", {}, "sha512-94hK0Hh8rPqQl2xXc3HsaBoOXKV20MToPkcXvwbISWLEs+64sBq5kFgn2kJDHb1Pry9yrP0dxrCI9RRci7RXKg=="],

    "socks": ["socks@2.8.4", "", { "dependencies": { "ip-address": "^9.0.5", "smart-buffer": "^4.2.0" } }, "sha512-D3YaD0aRxR3mEcqnidIs7ReYJFVzWdd6fXJYUM8ixcQcJRGTka/b3saV0KflYhyVJXKhb947GndU35SxYNResQ=="],

    "sprintf-js": ["sprintf-js@1.1.3", "", {}, "sha512-Oo+0REFV59/rz3gfJNKQiBlwfHaSESl1pcGyABQsnnIfWOFt6JNj5gCog2U6MLZ//IGYD+nA8nI+mTShREReaA=="],

    "stream-browserify": ["stream-browserify@3.0.0", "", { "dependencies": { "inherits": "~2.0.4", "readable-stream": "^3.5.0" } }, "sha512-H73RAHsVBapbim0tU2JwwOiXUj+fikfiaoYAKHF3VJfA0pe2BCzkhAHBlLG6REzE+2WNZcxOXjK7lkso+9euLA=="],

    "string_decoder": ["string_decoder@1.3.0", "", { "dependencies": { "safe-buffer": "~5.2.0" } }, "sha512-hkRX8U1WjJFd8LsDJ2yQ/wWWxaopEsABU1XfkM8A+j0+85JAGppt16cr1Whg6KIbb4okU6Mql6BOj+uup/wKeA=="],

    "tinypool": ["tinypool@2.1.0", "", {}, "sha512-Pugqs6M0m7Lv1I7FtxN4aoyToKg1C4tu+/381vH35y8oENM/Ai7f7C4StcoK4/+BSw9ebcS8jRiVrORFKCALLw=="],

    "tr46": ["tr46@0.0.3", "", {}, "sha512-N3WMsuqV66lT30CrXNbEjx4GEwlow3v6rr4mCcv6prnfwhS01rkgyFdjPNBYd9br7LpXV1+Emh01fHnq2Gdgrw=="],

    "typescript": ["typescript@5.9.3", "", { "bin": { "tsc": "bin/tsc", "tsserver": "bin/tsserver" } }, "sha512-jl1vZzPDinLr9eUt3J/t7V6FgNEw9QjvBPdysz9KfQDD41fQrC2Y4vKQdiaUpFT4bXlb1RHhLpp8wtm6M5TgSw=="],

    "undici-types": ["undici-types@6.20.0", "", {}, "sha512-Ny6QZ2Nju20vw1SRHe3d9jVu6gJ+4e3+MMpqu7pqE5HT6WsTSlce++GQmK5UXS8mzV8DSYHrQH+Xrf2jVcuKNg=="],

    "util": ["util@0.12.5", "", { "dependencies": { "inherits": "^2.0.3", "is-arguments": "^1.0.4", "is-generator-function": "^1.0.7", "is-typed-array": "^1.1.3", "which-typed-array": "^1.1.2" } }, "sha512-kZf/K6hEIrWHI6XqOFUiiMa+79wE/D8Q+NCNAWclkyg3b4d2k7s0QGepNjiABc+aR3N1PAyHL7p6UcLY6LmrnA=="],

    "util-deprecate": ["util-deprecate@1.0.2", "", {}, "sha512-EPD5q1uXyFxJpCrLnCc1nHnq3gOa6DZBocAIiI2TaSCA7VCJ1UJDMagCzIkXNsUYfD1daK//LTEQ8xiIbrHtcw=="],

    "web-streams-polyfill": ["web-streams-polyfill@3.3.3", "", {}, "sha512-d2JWLCivmZYTSIoge9MsgFCZrt571BikcWGYkjC1khllbTeDlGqZ2D8vD8E/lJa8WGWbb7Plm8/XJYV7IJHZZw=="],

    "webidl-conversions": ["webidl-conversions@3.0.1", "", {}, "sha512-2JAn3z8AR6rjK8Sm8orRC0h/bcl/DqL7tRPdGZ4I1CjdF+EaMLmYxBHyXuKL849eucPFhvBoxMsflfOb8kxaeQ=="],

    "whatwg-url": ["whatwg-url@5.0.0", "", { "dependencies": { "tr46": "~0.0.3", "webidl-conversions": "^3.0.0" } }, "sha512-saE57nupxk6v3HY35+jzBwYa0rKSy0XR8JSxZPwgLr7ys0IBzhGviA1/TUGJLmSVqs8pb9AnvICXEuOHLprYTw=="],

    "which-typed-array": ["which-typed-array@1.1.18", "", { "dependencies": { "available-typed-arrays": "^1.0.7", "call-bind": "^1.0.8", "call-bound": "^1.0.3", "for-each": "^0.3.3", "gopd": "^1.2.0", "has-tostringtag": "^1.0.2" } }, "sha512-qEcY+KJYlWyLH9vNbsr6/5j59AXk5ni5aakf8ldzBvGde6Iz4sxZGkJyWSAueTG7QhOvNRYb1lDdFmL5Td0QKA=="],

    "ws": ["ws@8.18.1", "", { "peerDependencies": { "bufferutil": "^4.0.1", "utf-8-validate": ">=5.0.2" }, "optionalPeers": ["bufferutil", "utf-8-validate"] }, "sha512-RKW2aJZMXeMxVpnZ6bck+RswznaxmzdULiBr6KY7XkTnW8uvt0iT9H5DkHUChXrc+uurzwa0rVI16n/Xzjdz1w=="],

    "cross-fetch/node-fetch": ["node-fetch@2.7.0", "", { "dependencies": { "whatwg-url": "^5.0.0" }, "peerDependencies": { "encoding": "^0.1.0" }, "optionalPeers": ["encoding"] }, "sha512-c4FRfUm/dbcWZ7U+1Wq0AwCyFL+3nt2bEw05wfxSz+DWpWsitgmSgYmy2dQdWyKC1694ELPqMs/YzUSNozLt8A=="],
  }
}
